// !$*UTF8*$!
{
	archiveVersion = 1;
	classes = {
	};
	objectVersion = 53;
	objects = {

/* Begin PBXBuildFile section */
		6686BBC41BC3E2A000E9D1CA /* CryptoExportImportManager.swift in Sources */ = {isa = PBXBuildFile; fileRef = 6686BBC31BC3E2A000E9D1CA /* CryptoExportImportManager.swift */; };
		6686BBC81BC3F06D00E9D1CA /* certificate.der in Resources */ = {isa = PBXBuildFile; fileRef = 6686BBC71BC3F06D00E9D1CA /* certificate.der */; };
		668B94D81BC3D19F00913B83 /* AppDelegate.swift in Sources */ = {isa = PBXBuildFile; fileRef = 668B94D71BC3D19F00913B83 /* AppDelegate.swift */; };
		668B94DA1BC3D19F00913B83 /* ViewController.swift in Sources */ = {isa = PBXBuildFile; fileRef = 668B94D91BC3D19F00913B83 /* ViewController.swift */; };
		668B94DD1BC3D19F00913B83 /* Main.storyboard in Resources */ = {isa = PBXBuildFile; fileRef = 668B94DB1BC3D19F00913B83 /* Main.storyboard */; };
		668B94DF1BC3D19F00913B83 /* Assets.xcassets in Resources */ = {isa = PBXBuildFile; fileRef = 668B94DE1BC3D19F00913B83 /* Assets.xcassets */; };
		668B94E21BC3D19F00913B83 /* LaunchScreen.storyboard in Resources */ = {isa = PBXBuildFile; fileRef = 668B94E01BC3D19F00913B83 /* LaunchScreen.storyboard */; };
		66B460A61BCA9886000FFCCE /* ImportViewController.swift in Sources */ = {isa = PBXBuildFile; fileRef = 66B460A51BCA9886000FFCCE /* ImportViewController.swift */; };
		66B460A81BCA988E000FFCCE /* ExportViewController.swift in Sources */ = {isa = PBXBuildFile; fileRef = 66B460A71BCA988E000FFCCE /* ExportViewController.swift */; };
		66E9AEAB1DA67A8B00863AA6 /* Data+HexDescription.swift in Sources */ = {isa = PBXBuildFile; fileRef = 66E9AEAA1DA67A8B00863AA6 /* Data+HexDescription.swift */; };
/* End PBXBuildFile section */

/* Begin PBXFileReference section */
		6686BBC31BC3E2A000E9D1CA /* CryptoExportImportManager.swift */ = {isa = PBXFileReference; fileEncoding = 4; lastKnownFileType = sourcecode.swift; path = CryptoExportImportManager.swift; sourceTree = "<group>"; };
		6686BBC71BC3F06D00E9D1CA /* certificate.der */ = {isa = PBXFileReference; lastKnownFileType = file; path = certificate.der; sourceTree = "<group>"; };
		668B94D41BC3D19F00913B83 /* CryptoLoadExternalCertificate.app */ = {isa = PBXFileReference; explicitFileType = wrapper.application; includeInIndex = 0; path = CryptoLoadExternalCertificate.app; sourceTree = BUILT_PRODUCTS_DIR; };
		668B94D71BC3D19F00913B83 /* AppDelegate.swift */ = {isa = PBXFileReference; lastKnownFileType = sourcecode.swift; path = AppDelegate.swift; sourceTree = "<group>"; };
		668B94D91BC3D19F00913B83 /* ViewController.swift */ = {isa = PBXFileReference; lastKnownFileType = sourcecode.swift; path = ViewController.swift; sourceTree = "<group>"; };
		668B94DC1BC3D19F00913B83 /* Base */ = {isa = PBXFileReference; lastKnownFileType = file.storyboard; name = Base; path = Base.lproj/Main.storyboard; sourceTree = "<group>"; };
		668B94DE1BC3D19F00913B83 /* Assets.xcassets */ = {isa = PBXFileReference; lastKnownFileType = folder.assetcatalog; path = Assets.xcassets; sourceTree = "<group>"; };
		668B94E11BC3D19F00913B83 /* Base */ = {isa = PBXFileReference; lastKnownFileType = file.storyboard; name = Base; path = Base.lproj/LaunchScreen.storyboard; sourceTree = "<group>"; };
		668B94E31BC3D19F00913B83 /* Info.plist */ = {isa = PBXFileReference; lastKnownFileType = text.plist.xml; path = Info.plist; sourceTree = "<group>"; };
		66B460A51BCA9886000FFCCE /* ImportViewController.swift */ = {isa = PBXFileReference; fileEncoding = 4; lastKnownFileType = sourcecode.swift; path = ImportViewController.swift; sourceTree = "<group>"; };
		66B460A71BCA988E000FFCCE /* ExportViewController.swift */ = {isa = PBXFileReference; fileEncoding = 4; lastKnownFileType = sourcecode.swift; path = ExportViewController.swift; sourceTree = "<group>"; };
		66E9AEA81DA6789100863AA6 /* CryptoLoadExternalCertificate.entitlements */ = {isa = PBXFileReference; lastKnownFileType = text.plist.entitlements; path = CryptoLoadExternalCertificate.entitlements; sourceTree = "<group>"; };
		66E9AEAA1DA67A8B00863AA6 /* Data+HexDescription.swift */ = {isa = PBXFileReference; fileEncoding = 4; lastKnownFileType = sourcecode.swift; path = "Data+HexDescription.swift"; sourceTree = "<group>"; };
/* End PBXFileReference section */

/* Begin PBXFrameworksBuildPhase section */
		668B94D11BC3D19F00913B83 /* Frameworks */ = {
			isa = PBXFrameworksBuildPhase;
			buildActionMask = 2147483647;
			files = (
			);
			runOnlyForDeploymentPostprocessing = 0;
		};
/* End PBXFrameworksBuildPhase section */

/* Begin PBXGroup section */
		668B94CB1BC3D19F00913B83 = {
			isa = PBXGroup;
			children = (
				668B94D61BC3D19F00913B83 /* CryptoLoadExternalCertificate */,
				668B94D51BC3D19F00913B83 /* Products */,
			);
			sourceTree = "<group>";
		};
		668B94D51BC3D19F00913B83 /* Products */ = {
			isa = PBXGroup;
			children = (
				668B94D41BC3D19F00913B83 /* CryptoLoadExternalCertificate.app */,
			);
			name = Products;
			sourceTree = "<group>";
		};
		668B94D61BC3D19F00913B83 /* CryptoLoadExternalCertificate */ = {
			isa = PBXGroup;
			children = (
				66E9AEA91DA67A7700863AA6 /* Categories and Extensions */,
				66B460A41BCA9853000FFCCE /* Model */,
				66B460A31BCA9844000FFCCE /* Storyboards */,
				66B460A21BCA9829000FFCCE /* App */,
				66B460A11BCA97C7000FFCCE /* Resources & Assets */,
				66B460A01BCA97BB000FFCCE /* View Controllers */,
			);
			path = CryptoLoadExternalCertificate;
			sourceTree = "<group>";
		};
		66B460A01BCA97BB000FFCCE /* View Controllers */ = {
			isa = PBXGroup;
			children = (
				668B94D91BC3D19F00913B83 /* ViewController.swift */,
				66B460A51BCA9886000FFCCE /* ImportViewController.swift */,
				66B460A71BCA988E000FFCCE /* ExportViewController.swift */,
			);
			name = "View Controllers";
			sourceTree = "<group>";
		};
		66B460A11BCA97C7000FFCCE /* Resources & Assets */ = {
			isa = PBXGroup;
			children = (
				66E9AEA81DA6789100863AA6 /* CryptoLoadExternalCertificate.entitlements */,
				6686BBC71BC3F06D00E9D1CA /* certificate.der */,
				668B94DE1BC3D19F00913B83 /* Assets.xcassets */,
			);
			name = "Resources & Assets";
			sourceTree = "<group>";
		};
		66B460A21BCA9829000FFCCE /* App */ = {
			isa = PBXGroup;
			children = (
				668B94D71BC3D19F00913B83 /* AppDelegate.swift */,
				668B94E31BC3D19F00913B83 /* Info.plist */,
			);
			name = App;
			sourceTree = "<group>";
		};
		66B460A31BCA9844000FFCCE /* Storyboards */ = {
			isa = PBXGroup;
			children = (
				668B94DB1BC3D19F00913B83 /* Main.storyboard */,
				668B94E01BC3D19F00913B83 /* LaunchScreen.storyboard */,
			);
			name = Storyboards;
			sourceTree = "<group>";
		};
		66B460A41BCA9853000FFCCE /* Model */ = {
			isa = PBXGroup;
			children = (
				6686BBC31BC3E2A000E9D1CA /* CryptoExportImportManager.swift */,
			);
			name = Model;
			sourceTree = "<group>";
		};
		66E9AEA91DA67A7700863AA6 /* Categories and Extensions */ = {
			isa = PBXGroup;
			children = (
				66E9AEAA1DA67A8B00863AA6 /* Data+HexDescription.swift */,
			);
			name = "Categories and Extensions";
			sourceTree = "<group>";
		};
/* End PBXGroup section */

/* Begin PBXNativeTarget section */
		668B94D31BC3D19F00913B83 /* CryptoLoadExternalCertificate */ = {
			isa = PBXNativeTarget;
			buildConfigurationList = 668B94E61BC3D19F00913B83 /* Build configuration list for PBXNativeTarget "CryptoLoadExternalCertificate" */;
			buildPhases = (
				668B94D01BC3D19F00913B83 /* Sources */,
				668B94D11BC3D19F00913B83 /* Frameworks */,
				668B94D21BC3D19F00913B83 /* Resources */,
			);
			buildRules = (
			);
			dependencies = (
			);
			name = CryptoLoadExternalCertificate;
			productName = CryptoLoadExternalCertificate;
			productReference = 668B94D41BC3D19F00913B83 /* CryptoLoadExternalCertificate.app */;
			productType = "com.apple.product-type.application";
		};
/* End PBXNativeTarget section */

/* Begin PBXProject section */
		668B94CC1BC3D19F00913B83 /* Project object */ = {
			isa = PBXProject;
			attributes = {
				BuildIndependentTargetsInParallel = YES;
				LastUpgradeCheck = 1430;
				ORGANIZATIONNAME = "Ignacio Nieto Carvajal";
				TargetAttributes = {
					668B94D31BC3D19F00913B83 = {
						CreatedOnToolsVersion = 7.0.1;
						DevelopmentTeam = 97P9DZHP78;
						LastSwiftMigration = 0800;
						SystemCapabilities = {
							com.apple.Keychain = {
								enabled = 1;
							};
						};
					};
				};
			};
			buildConfigurationList = 668B94CF1BC3D19F00913B83 /* Build configuration list for PBXProject "CryptoLoadExternalCertificate" */;
			compatibilityVersion = "Xcode 3.2";
			developmentRegion = en;
			hasScannedForEncodings = 0;
			knownRegions = (
				en,
				Base,
			);
			mainGroup = 668B94CB1BC3D19F00913B83;
			productRefGroup = 668B94D51BC3D19F00913B83 /* Products */;
			projectDirPath = "";
			projectRoot = "";
			targets = (
				668B94D31BC3D19F00913B83 /* CryptoLoadExternalCertificate */,
			);
		};
/* End PBXProject section */

/* Begin PBXResourcesBuildPhase section */
		668B94D21BC3D19F00913B83 /* Resources */ = {
			isa = PBXResourcesBuildPhase;
			buildActionMask = 2147483647;
			files = (
				668B94E21BC3D19F00913B83 /* LaunchScreen.storyboard in Resources */,
				668B94DF1BC3D19F00913B83 /* Assets.xcassets in Resources */,
				668B94DD1BC3D19F00913B83 /* Main.storyboard in Resources */,
				6686BBC81BC3F06D00E9D1CA /* certificate.der in Resources */,
			);
			runOnlyForDeploymentPostprocessing = 0;
		};
/* End PBXResourcesBuildPhase section */

/* Begin PBXSourcesBuildPhase section */
		668B94D01BC3D19F00913B83 /* Sources */ = {
			isa = PBXSourcesBuildPhase;
			buildActionMask = 2147483647;
			files = (
				6686BBC41BC3E2A000E9D1CA /* CryptoExportImportManager.swift in Sources */,
				668B94DA1BC3D19F00913B83 /* ViewController.swift in Sources */,
				66E9AEAB1DA67A8B00863AA6 /* Data+HexDescription.swift in Sources */,
				668B94D81BC3D19F00913B83 /* AppDelegate.swift in Sources */,
				66B460A61BCA9886000FFCCE /* ImportViewController.swift in Sources */,
				66B460A81BCA988E000FFCCE /* ExportViewController.swift in Sources */,
			);
			runOnlyForDeploymentPostprocessing = 0;
		};
/* End PBXSourcesBuildPhase section */

/* Begin PBXVariantGroup section */
		668B94DB1BC3D19F00913B83 /* Main.storyboard */ = {
			isa = PBXVariantGroup;
			children = (
				668B94DC1BC3D19F00913B83 /* Base */,
			);
			name = Main.storyboard;
			sourceTree = "<group>";
		};
		668B94E01BC3D19F00913B83 /* LaunchScreen.storyboard */ = {
			isa = PBXVariantGroup;
			children = (
				668B94E11BC3D19F00913B83 /* Base */,
			);
			name = LaunchScreen.storyboard;
			sourceTree = "<group>";
		};
/* End PBXVariantGroup section */

/* Begin XCBuildConfiguration section */
		668B94E41BC3D19F00913B83 /* Debug */ = {
			isa = XCBuildConfiguration;
			buildSettings = {
				ALWAYS_SEARCH_USER_PATHS = NO;
				CLANG_CXX_LANGUAGE_STANDARD = "gnu++0x";
				CLANG_CXX_LIBRARY = "libc++";
				CLANG_ENABLE_MODULES = YES;
				CLANG_ENABLE_OBJC_ARC = YES;
				CLANG_WARN_BLOCK_CAPTURE_AUTORELEASING = YES;
				CLANG_WARN_BOOL_CONVERSION = YES;
				CLANG_WARN_COMMA = YES;
				CLANG_WARN_CONSTANT_CONVERSION = YES;
				CLANG_WARN_DEPRECATED_OBJC_IMPLEMENTATIONS = YES;
				CLANG_WARN_DIRECT_OBJC_ISA_USAGE = YES_ERROR;
				CLANG_WARN_EMPTY_BODY = YES;
				CLANG_WARN_ENUM_CONVERSION = YES;
				CLANG_WARN_INFINITE_RECURSION = YES;
				CLANG_WARN_INT_CONVERSION = YES;
				CLANG_WARN_NON_LITERAL_NULL_CONVERSION = YES;
				CLANG_WARN_OBJC_IMPLICIT_RETAIN_SELF = YES;
				CLANG_WARN_OBJC_LITERAL_CONVERSION = YES;
				CLANG_WARN_OBJC_ROOT_CLASS = YES_ERROR;
				CLANG_WARN_QUOTED_INCLUDE_IN_FRAMEWORK_HEADER = YES;
				CLANG_WARN_RANGE_LOOP_ANALYSIS = YES;
				CLANG_WARN_STRICT_PROTOTYPES = YES;
				CLANG_WARN_SUSPICIOUS_MOVE = YES;
				CLANG_WARN_UNREACHABLE_CODE = YES;
				CLANG_WARN__DUPLICATE_METHOD_MATCH = YES;
				"CODE_SIGN_IDENTITY[sdk=iphoneos*]" = "iPhone Developer";
				COPY_PHASE_STRIP = NO;
				DEBUG_INFORMATION_FORMAT = dwarf;
				ENABLE_STRICT_OBJC_MSGSEND = YES;
				ENABLE_TESTABILITY = YES;
				GCC_C_LANGUAGE_STANDARD = gnu99;
				GCC_DYNAMIC_NO_PIC = NO;
				GCC_NO_COMMON_BLOCKS = YES;
				GCC_OPTIMIZATION_LEVEL = 0;
				GCC_PREPROCESSOR_DEFINITIONS = (
					"DEBUG=1",
					"$(inherited)",
				);
				GCC_WARN_64_TO_32_BIT_CONVERSION = YES;
				GCC_WARN_ABOUT_RETURN_TYPE = YES_ERROR;
				GCC_WARN_UNDECLARED_SELECTOR = YES;
				GCC_WARN_UNINITIALIZED_AUTOS = YES_AGGRESSIVE;
				GCC_WARN_UNUSED_FUNCTION = YES;
				GCC_WARN_UNUSED_VARIABLE = YES;
				IPHONEOS_DEPLOYMENT_TARGET = 12.0;
				MTL_ENABLE_DEBUG_INFO = YES;
				ONLY_ACTIVE_ARCH = YES;
				SDKROOT = iphoneos;
				SWIFT_OPTIMIZATION_LEVEL = "-Onone";
			};
			name = Debug;
		};
		668B94E51BC3D19F00913B83 /* Release */ = {
			isa = XCBuildConfiguration;
			buildSettings = {
				ALWAYS_SEARCH_USER_PATHS = NO;
				CLANG_CXX_LANGUAGE_STANDARD = "gnu++0x";
				CLANG_CXX_LIBRARY = "libc++";
				CLANG_ENABLE_MODULES = YES;
				CLANG_ENABLE_OBJC_ARC = YES;
				CLANG_WARN_BLOCK_CAPTURE_AUTORELEASING = YES;
				CLANG_WARN_BOOL_CONVERSION = YES;
				CLANG_WARN_COMMA = YES;
				CLANG_WARN_CONSTANT_CONVERSION = YES;
				CLANG_WARN_DEPRECATED_OBJC_IMPLEMENTATIONS = YES;
				CLANG_WARN_DIRECT_OBJC_ISA_USAGE = YES_ERROR;
				CLANG_WARN_EMPTY_BODY = YES;
				CLANG_WARN_ENUM_CONVERSION = YES;
				CLANG_WARN_INFINITE_RECURSION = YES;
				CLANG_WARN_INT_CONVERSION = YES;
				CLANG_WARN_NON_LITERAL_NULL_CONVERSION = YES;
				CLANG_WARN_OBJC_IMPLICIT_RETAIN_SELF = YES;
				CLANG_WARN_OBJC_LITERAL_CONVERSION = YES;
				CLANG_WARN_OBJC_ROOT_CLASS = YES_ERROR;
				CLANG_WARN_QUOTED_INCLUDE_IN_FRAMEWORK_HEADER = YES;
				CLANG_WARN_RANGE_LOOP_ANALYSIS = YES;
				CLANG_WARN_STRICT_PROTOTYPES = YES;
				CLANG_WARN_SUSPICIOUS_MOVE = YES;
				CLANG_WARN_UNREACHABLE_CODE = YES;
				CLANG_WARN__DUPLICATE_METHOD_MATCH = YES;
				"CODE_SIGN_IDENTITY[sdk=iphoneos*]" = "iPhone Developer";
				COPY_PHASE_STRIP = NO;
				DEBUG_INFORMATION_FORMAT = "dwarf-with-dsym";
				ENABLE_NS_ASSERTIONS = NO;
				ENABLE_STRICT_OBJC_MSGSEND = YES;
				GCC_C_LANGUAGE_STANDARD = gnu99;
				GCC_NO_COMMON_BLOCKS = YES;
				GCC_WARN_64_TO_32_BIT_CONVERSION = YES;
				GCC_WARN_ABOUT_RETURN_TYPE = YES_ERROR;
				GCC_WARN_UNDECLARED_SELECTOR = YES;
				GCC_WARN_UNINITIALIZED_AUTOS = YES_AGGRESSIVE;
				GCC_WARN_UNUSED_FUNCTION = YES;
				GCC_WARN_UNUSED_VARIABLE = YES;
				IPHONEOS_DEPLOYMENT_TARGET = 12.0;
				MTL_ENABLE_DEBUG_INFO = NO;
				SDKROOT = iphoneos;
				SWIFT_COMPILATION_MODE = wholemodule;
				SWIFT_OPTIMIZATION_LEVEL = "-O";
				VALIDATE_PRODUCT = YES;
			};
			name = Release;
		};
		668B94E71BC3D19F00913B83 /* Debug */ = {
			isa = XCBuildConfiguration;
			buildSettings = {
				ASSETCATALOG_COMPILER_APPICON_NAME = AppIcon;
				CODE_SIGN_ENTITLEMENTS = CryptoLoadExternalCertificate/CryptoLoadExternalCertificate.entitlements;
				DEVELOPMENT_TEAM = 97P9DZHP78;
				INFOPLIST_FILE = CryptoLoadExternalCertificate/Info.plist;
				LD_RUNPATH_SEARCH_PATHS = (
					"$(inherited)",
					"@executable_path/Frameworks",
				);
				PRODUCT_BUNDLE_IDENTIFIER = "com.Ignacio-Nieto-Carvajal.CryptoLoadExternalCertificate";
				PRODUCT_NAME = "$(TARGET_NAME)";
				SWIFT_VERSION = 5.0;
			};
			name = Debug;
		};
		668B94E81BC3D19F00913B83 /* Release */ = {
			isa = XCBuildConfiguration;
			buildSettings = {
				ASSETCATALOG_COMPILER_APPICON_NAME = AppIcon;
				CODE_SIGN_ENTITLEMENTS = CryptoLoadExternalCertificate/CryptoLoadExternalCertificate.entitlements;
				DEVELOPMENT_TEAM = 97P9DZHP78;
				INFOPLIST_FILE = CryptoLoadExternalCertificate/Info.plist;
				LD_RUNPATH_SEARCH_PATHS = (
					"$(inherited)",
					"@executable_path/Frameworks",
				);
				PRODUCT_BUNDLE_IDENTIFIER = "com.Ignacio-Nieto-Carvajal.CryptoLoadExternalCertificate";
				PRODUCT_NAME = "$(TARGET_NAME)";
				SWIFT_VERSION = 5.0;
			};
			name = Release;
		};
/* End XCBuildConfiguration section */

/* Begin XCConfigurationList section */
		668B94CF1BC3D19F00913B83 /* Build configuration list for PBXProject "CryptoLoadExternalCertificate" */ = {
			isa = XCConfigurationList;
			buildConfigurations = (
				668B94E41BC3D19F00913B83 /* Debug */,
				668B94E51BC3D19F00913B83 /* Release */,
			);
			defaultConfigurationIsVisible = 0;
			defaultConfigurationName = Release;
		};
		668B94E61BC3D19F00913B83 /* Build configuration list for PBXNativeTarget "CryptoLoadExternalCertificate" */ = {
			isa = XCConfigurationList;
			buildConfigurations = (
				668B94E71BC3D19F00913B83 /* Debug */,
				668B94E81BC3D19F00913B83 /* Release */,
			);
			defaultConfigurationIsVisible = 0;
			defaultConfigurationName = Release;
		};
/* End XCConfigurationList section */
	};
	rootObject = 668B94CC1BC3D19F00913B83 /* Project object */;
}
